
Microsoft Visual Studio Solution File, Format Version 12.00
# Visual Studio Version 16
VisualStudioVersion = 16.0.32802.440
MinimumVisualStudioVersion = 10.0.40219.1
Project("{F2A71F9B-5D33-465A-A702-920D77279786}") = "eShopSolution.WebApp", "eShopSolution.WebApp\eShopSolution.WebApp.fsproj", "{165CBE84-7DD1-4F97-AA21-57F3D87134DB}"
EndProject
Global
	GlobalSection(SolutionConfigurationPlatforms) = preSolution
		Debug|Any CPU = Debug|Any CPU
		Release|Any CPU = Release|Any CPU
	EndGlobalSection
	GlobalSection(ProjectConfigurationPlatforms) = postSolution
		{165CBE84-7DD1-4F97-AA21-57F3D87134DB}.Debug|Any CPU.ActiveCfg = Debug|Any CPU
		{165CBE84-7DD1-4F97-AA21-57F3D87134DB}.Debug|Any CPU.Build.0 = Debug|Any CPU
		{165CBE84-7DD1-4F97-AA21-57F3D87134DB}.Release|Any CPU.ActiveCfg = Release|Any CPU
		{165CBE84-7DD1-4F97-AA21-57F3D87134DB}.Release|Any CPU.Build.0 = Release|Any CPU
	EndGlobalSection
	GlobalSection(SolutionProperties) = preSolution
		HideSolutionNode = FALSE
	EndGlobalSection
	GlobalSection(ExtensibilityGlobals) = postSolution
		SolutionGuid = {7C1C56DF-D91A-47BE-9D67-E1DD728F990F}
	EndGlobalSection
EndGlobal
